
Microsoft Visual Studio Solution File, Format Version 12.00
# Visual Studio Version 17
VisualStudioVersion = 17.5.33424.131
MinimumVisualStudioVersion = 10.0.40219.1
Project("{FAE04EC0-301F-11D3-BF4B-00C04F79EFBC}") = "Login_GUI", "Login_GUI.csproj", "{94110D65-3092-4BB9-8C05-6E0DB5E2A4CD}"
EndProject
Global
	GlobalSection(SolutionConfigurationPlatforms) = preSolution
		Debug|Any CPU = Debug|Any CPU
		Release|Any CPU = Release|Any CPU
	EndGlobalSection
	GlobalSection(ProjectConfigurationPlatforms) = postSolution
		{94110D65-3092-4BB9-8C05-6E0DB5E2A4CD}.Debug|Any CPU.ActiveCfg = Debug|Any CPU
		{94110D65-3092-4BB9-8C05-6E0DB5E2A4CD}.Debug|Any CPU.Build.0 = Debug|Any CPU
		{94110D65-3092-4BB9-8C05-6E0DB5E2A4CD}.Release|Any CPU.ActiveCfg = Release|Any CPU
		{94110D65-3092-4BB9-8C05-6E0DB5E2A4CD}.Release|Any CPU.Build.0 = Release|Any CPU
	EndGlobalSection
	GlobalSection(SolutionProperties) = preSolution
		HideSolutionNode = FALSE
	EndGlobalSection
	GlobalSection(ExtensibilityGlobals) = postSolution
		SolutionGuid = {81D0CC07-A28D-4765-8921-CAF18BE69AF9}
	EndGlobalSection
EndGlobal
